
Microsoft Visual Studio Solution File, Format Version 12.00
# Visual Studio Version 17
VisualStudioVersion = 17.5.002.0
MinimumVisualStudioVersion = 10.0.40219.1
Project("{2150E333-8FDC-42A3-9474-1A3956D46DE8}") = "csharp-prep", "csharp-prep", "{1DCD0246-BFC2-4640-8864-3449F3AE377A}"
EndProject
Project("{9A19103F-16F7-4668-BE54-9A1E7A4F7556}") = "Prep1", "csharp-prep\Prep1\Prep1.csproj", "{C66CFAF0-E10D-474C-A3B4-7E372E62ACA6}"
EndProject
Project("{9A19103F-16F7-4668-BE54-9A1E7A4F7556}") = "Prep2", "csharp-prep\Prep2\Prep2.csproj", "{EE66D2B5-CBE3-47BC-8F1C-E8C124FE1C76}"
EndProject
Project("{9A19103F-16F7-4668-BE54-9A1E7A4F7556}") = "Prep3", "csharp-prep\Prep3\Prep3.csproj", "{51755DC7-B456-47A8-83C3-EA7C71EA5F86}"
EndProject
Project("{9A19103F-16F7-4668-BE54-9A1E7A4F7556}") = "Prep4", "csharp-prep\Prep4\Prep4.csproj", "{CEAD0413-266C-4237-BA8E-372774539A90}"
EndProject
Project("{9A19103F-16F7-4668-BE54-9A1E7A4F7556}") = "Prep5", "csharp-prep\Prep5\Prep5.csproj", "{174E378B-89A3-4DC3-BA67-9DF8FD600753}"
EndProject
Project("{2150E333-8FDC-42A3-9474-1A3956D46DE8}") = "final", "final", "{B86502D1-F127-4D18-9461-3AACDFC60623}"
EndProject
Project("{9A19103F-16F7-4668-BE54-9A1E7A4F7556}") = "FinalProject", "final\FinalProject\FinalProject.csproj", "{598094DD-5B0F-4246-860C-C82ACFE25E54}"
EndProject
Project("{9A19103F-16F7-4668-BE54-9A1E7A4F7556}") = "Foundation1", "final\Foundation1\Foundation1.csproj", "{2EA22FBF-EBC6-4FA5-AE00-091FF14837C0}"
EndProject
Project("{9A19103F-16F7-4668-BE54-9A1E7A4F7556}") = "Foundation2", "final\Foundation2\Foundation2.csproj", "{47A8E1BA-24DD-4E1F-B266-19C7B0215D6D}"
EndProject
Project("{9A19103F-16F7-4668-BE54-9A1E7A4F7556}") = "Foundation3", "final\Foundation3\Foundation3.csproj", "{414A5090-4A0A-4848-9250-F349D9814036}"
EndProject
Project("{9A19103F-16F7-4668-BE54-9A1E7A4F7556}") = "Foundation4", "final\Foundation4\Foundation4.csproj", "{C343E621-29DC-43FF-B66B-7204099C05B0}"
EndProject
Project("{2150E333-8FDC-42A3-9474-1A3956D46DE8}") = "prepare", "prepare", "{805197BD-B0CF-4BC1-AAA9-248673A01E3A}"
EndProject
Project("{9A19103F-16F7-4668-BE54-9A1E7A4F7556}") = "Learning02", "prepare\Learning02\Learning02.csproj", "{18FD3F9C-2242-4682-A576-27229C726C7C}"
EndProject
Project("{9A19103F-16F7-4668-BE54-9A1E7A4F7556}") = "Learning03", "prepare\Learning03\Learning03.csproj", "{FCFADBF8-942E-4B73-973B-8FF81F736D91}"
EndProject
Project("{9A19103F-16F7-4668-BE54-9A1E7A4F7556}") = "Learning04", "prepare\Learning04\Learning04.csproj", "{79FF2826-F5D4-4A29-8F30-A5A90BDE763B}"
EndProject
Project("{9A19103F-16F7-4668-BE54-9A1E7A4F7556}") = "Learning05", "prepare\Learning05\Learning05.csproj", "{174215FF-29FF-4762-B648-695D0E1E8DAF}"
EndProject
Project("{2150E333-8FDC-42A3-9474-1A3956D46DE8}") = "prove", "prove", "{6296CD0C-9236-458A-A6C6-45AE3CFDF9E1}"
EndProject
Project("{9A19103F-16F7-4668-BE54-9A1E7A4F7556}") = "Develop02", "prove\Develop02\Develop02.csproj", "{D504AD4C-5550-4CAC-AFD5-B84CF6442751}"
EndProject
Project("{9A19103F-16F7-4668-BE54-9A1E7A4F7556}") = "Develop03", "prove\Develop03\Develop03.csproj", "{62801E8B-9844-4A88-9DF0-4F41C940D36F}"
EndProject
Project("{9A19103F-16F7-4668-BE54-9A1E7A4F7556}") = "Develop04", "prove\Develop04\Develop04.csproj", "{492C0ED6-1D19-481E-89B4-5985DE0067A2}"
EndProject
Project("{9A19103F-16F7-4668-BE54-9A1E7A4F7556}") = "Develop05", "prove\Develop05\Develop05.csproj", "{58D7CB43-86C9-4FC5-BDB0-8284F88F85C4}"
EndProject
Project("{2150E333-8FDC-42A3-9474-1A3956D46DE8}") = "sandbox", "sandbox", "{C20318E2-DA6C-4484-B73B-324E38D1D3ED}"
EndProject
Project("{9A19103F-16F7-4668-BE54-9A1E7A4F7556}") = "Sandbox", "sandbox\Sandbox\Sandbox.csproj", "{808871AF-9EB9-4083-9522-832063D262FB}"
EndProject
Global
	GlobalSection(SolutionConfigurationPlatforms) = preSolution
		Debug|Any CPU = Debug|Any CPU
		Release|Any CPU = Release|Any CPU
	EndGlobalSection
	GlobalSection(ProjectConfigurationPlatforms) = postSolution
		{C66CFAF0-E10D-474C-A3B4-7E372E62ACA6}.Debug|Any CPU.ActiveCfg = Debug|Any CPU
		{C66CFAF0-E10D-474C-A3B4-7E372E62ACA6}.Debug|Any CPU.Build.0 = Debug|Any CPU
		{C66CFAF0-E10D-474C-A3B4-7E372E62ACA6}.Release|Any CPU.ActiveCfg = Release|Any CPU
		{C66CFAF0-E10D-474C-A3B4-7E372E62ACA6}.Release|Any CPU.Build.0 = Release|Any CPU
		{EE66D2B5-CBE3-47BC-8F1C-E8C124FE1C76}.Debug|Any CPU.ActiveCfg = Debug|Any CPU
		{EE66D2B5-CBE3-47BC-8F1C-E8C124FE1C76}.Debug|Any CPU.Build.0 = Debug|Any CPU
		{EE66D2B5-CBE3-47BC-8F1C-E8C124FE1C76}.Release|Any CPU.ActiveCfg = Release|Any CPU
		{EE66D2B5-CBE3-47BC-8F1C-E8C124FE1C76}.Release|Any CPU.Build.0 = Release|Any CPU
		{51755DC7-B456-47A8-83C3-EA7C71EA5F86}.Debug|Any CPU.ActiveCfg = Debug|Any CPU
		{51755DC7-B456-47A8-83C3-EA7C71EA5F86}.Debug|Any CPU.Build.0 = Debug|Any CPU
		{51755DC7-B456-47A8-83C3-EA7C71EA5F86}.Release|Any CPU.ActiveCfg = Release|Any CPU
		{51755DC7-B456-47A8-83C3-EA7C71EA5F86}.Release|Any CPU.Build.0 = Release|Any CPU
		{CEAD0413-266C-4237-BA8E-372774539A90}.Debug|Any CPU.ActiveCfg = Debug|Any CPU
		{CEAD0413-266C-4237-BA8E-372774539A90}.Debug|Any CPU.Build.0 = Debug|Any CPU
		{CEAD0413-266C-4237-BA8E-372774539A90}.Release|Any CPU.ActiveCfg = Release|Any CPU
		{CEAD0413-266C-4237-BA8E-372774539A90}.Release|Any CPU.Build.0 = Release|Any CPU
		{174E378B-89A3-4DC3-BA67-9DF8FD600753}.Debug|Any CPU.ActiveCfg = Debug|Any CPU
		{174E378B-89A3-4DC3-BA67-9DF8FD600753}.Debug|Any CPU.Build.0 = Debug|Any CPU
		{174E378B-89A3-4DC3-BA67-9DF8FD600753}.Release|Any CPU.ActiveCfg = Release|Any CPU
		{174E378B-89A3-4DC3-BA67-9DF8FD600753}.Release|Any CPU.Build.0 = Release|Any CPU
		{598094DD-5B0F-4246-860C-C82ACFE25E54}.Debug|Any CPU.ActiveCfg = Debug|Any CPU
		{598094DD-5B0F-4246-860C-C82ACFE25E54}.Debug|Any CPU.Build.0 = Debug|Any CPU
		{598094DD-5B0F-4246-860C-C82ACFE25E54}.Release|Any CPU.ActiveCfg = Release|Any CPU
		{598094DD-5B0F-4246-860C-C82ACFE25E54}.Release|Any CPU.Build.0 = Release|Any CPU
		{2EA22FBF-EBC6-4FA5-AE00-091FF14837C0}.Debug|Any CPU.ActiveCfg = Debug|Any CPU
		{2EA22FBF-EBC6-4FA5-AE00-091FF14837C0}.Debug|Any CPU.Build.0 = Debug|Any CPU
		{2EA22FBF-EBC6-4FA5-AE00-091FF14837C0}.Release|Any CPU.ActiveCfg = Release|Any CPU
		{2EA22FBF-EBC6-4FA5-AE00-091FF14837C0}.Release|Any CPU.Build.0 = Release|Any CPU
		{47A8E1BA-24DD-4E1F-B266-19C7B0215D6D}.Debug|Any CPU.ActiveCfg = Debug|Any CPU
		{47A8E1BA-24DD-4E1F-B266-19C7B0215D6D}.Debug|Any CPU.Build.0 = Debug|Any CPU
		{47A8E1BA-24DD-4E1F-B266-19C7B0215D6D}.Release|Any CPU.ActiveCfg = Release|Any CPU
		{47A8E1BA-24DD-4E1F-B266-19C7B0215D6D}.Release|Any CPU.Build.0 = Release|Any CPU
		{414A5090-4A0A-4848-9250-F349D9814036}.Debug|Any CPU.ActiveCfg = Debug|Any CPU
		{414A5090-4A0A-4848-9250-F349D9814036}.Debug|Any CPU.Build.0 = Debug|Any CPU
		{414A5090-4A0A-4848-9250-F349D9814036}.Release|Any CPU.ActiveCfg = Release|Any CPU
		{414A5090-4A0A-4848-9250-F349D9814036}.Release|Any CPU.Build.0 = Release|Any CPU
		{C343E621-29DC-43FF-B66B-7204099C05B0}.Debug|Any CPU.ActiveCfg = Debug|Any CPU
		{C343E621-29DC-43FF-B66B-7204099C05B0}.Debug|Any CPU.Build.0 = Debug|Any CPU
		{C343E621-29DC-43FF-B66B-7204099C05B0}.Release|Any CPU.ActiveCfg = Release|Any CPU
		{C343E621-29DC-43FF-B66B-7204099C05B0}.Release|Any CPU.Build.0 = Release|Any CPU
		{18FD3F9C-2242-4682-A576-27229C726C7C}.Debug|Any CPU.ActiveCfg = Debug|Any CPU
		{18FD3F9C-2242-4682-A576-27229C726C7C}.Debug|Any CPU.Build.0 = Debug|Any CPU
		{18FD3F9C-2242-4682-A576-27229C726C7C}.Release|Any CPU.ActiveCfg = Release|Any CPU
		{18FD3F9C-2242-4682-A576-27229C726C7C}.Release|Any CPU.Build.0 = Release|Any CPU
		{FCFADBF8-942E-4B73-973B-8FF81F736D91}.Debug|Any CPU.ActiveCfg = Debug|Any CPU
		{FCFADBF8-942E-4B73-973B-8FF81F736D91}.Debug|Any CPU.Build.0 = Debug|Any CPU
		{FCFADBF8-942E-4B73-973B-8FF81F736D91}.Release|Any CPU.ActiveCfg = Release|Any CPU
		{FCFADBF8-942E-4B73-973B-8FF81F736D91}.Release|Any CPU.Build.0 = Release|Any CPU
		{79FF2826-F5D4-4A29-8F30-A5A90BDE763B}.Debug|Any CPU.ActiveCfg = Debug|Any CPU
		{79FF2826-F5D4-4A29-8F30-A5A90BDE763B}.Debug|Any CPU.Build.0 = Debug|Any CPU
		{79FF2826-F5D4-4A29-8F30-A5A90BDE763B}.Release|Any CPU.ActiveCfg = Release|Any CPU
		{79FF2826-F5D4-4A29-8F30-A5A90BDE763B}.Release|Any CPU.Build.0 = Release|Any CPU
		{174215FF-29FF-4762-B648-695D0E1E8DAF}.Debug|Any CPU.ActiveCfg = Debug|Any CPU
		{174215FF-29FF-4762-B648-695D0E1E8DAF}.Debug|Any CPU.Build.0 = Debug|Any CPU
		{174215FF-29FF-4762-B648-695D0E1E8DAF}.Release|Any CPU.ActiveCfg = Release|Any CPU
		{174215FF-29FF-4762-B648-695D0E1E8DAF}.Release|Any CPU.Build.0 = Release|Any CPU
		{D504AD4C-5550-4CAC-AFD5-B84CF6442751}.Debug|Any CPU.ActiveCfg = Debug|Any CPU
		{D504AD4C-5550-4CAC-AFD5-B84CF6442751}.Debug|Any CPU.Build.0 = Debug|Any CPU
		{D504AD4C-5550-4CAC-AFD5-B84CF6442751}.Release|Any CPU.ActiveCfg = Release|Any CPU
		{D504AD4C-5550-4CAC-AFD5-B84CF6442751}.Release|Any CPU.Build.0 = Release|Any CPU
		{62801E8B-9844-4A88-9DF0-4F41C940D36F}.Debug|Any CPU.ActiveCfg = Debug|Any CPU
		{62801E8B-9844-4A88-9DF0-4F41C940D36F}.Debug|Any CPU.Build.0 = Debug|Any CPU
		{62801E8B-9844-4A88-9DF0-4F41C940D36F}.Release|Any CPU.ActiveCfg = Release|Any CPU
		{62801E8B-9844-4A88-9DF0-4F41C940D36F}.Release|Any CPU.Build.0 = Release|Any CPU
		{492C0ED6-1D19-481E-89B4-5985DE0067A2}.Debug|Any CPU.ActiveCfg = Debug|Any CPU
		{492C0ED6-1D19-481E-89B4-5985DE0067A2}.Debug|Any CPU.Build.0 = Debug|Any CPU
		{492C0ED6-1D19-481E-89B4-5985DE0067A2}.Release|Any CPU.ActiveCfg = Release|Any CPU
		{492C0ED6-1D19-481E-89B4-5985DE0067A2}.Release|Any CPU.Build.0 = Release|Any CPU
		{58D7CB43-86C9-4FC5-BDB0-8284F88F85C4}.Debug|Any CPU.ActiveCfg = Debug|Any CPU
		{58D7CB43-86C9-4FC5-BDB0-8284F88F85C4}.Debug|Any CPU.Build.0 = Debug|Any CPU
		{58D7CB43-86C9-4FC5-BDB0-8284F88F85C4}.Release|Any CPU.ActiveCfg = Release|Any CPU
		{58D7CB43-86C9-4FC5-BDB0-8284F88F85C4}.Release|Any CPU.Build.0 = Release|Any CPU
		{808871AF-9EB9-4083-9522-832063D262FB}.Debug|Any CPU.ActiveCfg = Debug|Any CPU
		{808871AF-9EB9-4083-9522-832063D262FB}.Debug|Any CPU.Build.0 = Debug|Any CPU
		{808871AF-9EB9-4083-9522-832063D262FB}.Release|Any CPU.ActiveCfg = Release|Any CPU
		{808871AF-9EB9-4083-9522-832063D262FB}.Release|Any CPU.Build.0 = Release|Any CPU
	EndGlobalSection
	GlobalSection(SolutionProperties) = preSolution
		HideSolutionNode = FALSE
	EndGlobalSection
	GlobalSection(NestedProjects) = preSolution
		{C66CFAF0-E10D-474C-A3B4-7E372E62ACA6} = {1DCD0246-BFC2-4640-8864-3449F3AE377A}
		{EE66D2B5-CBE3-47BC-8F1C-E8C124FE1C76} = {1DCD0246-BFC2-4640-8864-3449F3AE377A}
		{51755DC7-B456-47A8-83C3-EA7C71EA5F86} = {1DCD0246-BFC2-4640-8864-3449F3AE377A}
		{CEAD0413-266C-4237-BA8E-372774539A90} = {1DCD0246-BFC2-4640-8864-3449F3AE377A}
		{174E378B-89A3-4DC3-BA67-9DF8FD600753} = {1DCD0246-BFC2-4640-8864-3449F3AE377A}
		{598094DD-5B0F-4246-860C-C82ACFE25E54} = {B86502D1-F127-4D18-9461-3AACDFC60623}
		{2EA22FBF-EBC6-4FA5-AE00-091FF14837C0} = {B86502D1-F127-4D18-9461-3AACDFC60623}
		{47A8E1BA-24DD-4E1F-B266-19C7B0215D6D} = {B86502D1-F127-4D18-9461-3AACDFC60623}
		{414A5090-4A0A-4848-9250-F349D9814036} = {B86502D1-F127-4D18-9461-3AACDFC60623}
		{C343E621-29DC-43FF-B66B-7204099C05B0} = {B86502D1-F127-4D18-9461-3AACDFC60623}
		{18FD3F9C-2242-4682-A576-27229C726C7C} = {805197BD-B0CF-4BC1-AAA9-248673A01E3A}
		{FCFADBF8-942E-4B73-973B-8FF81F736D91} = {805197BD-B0CF-4BC1-AAA9-248673A01E3A}
		{79FF2826-F5D4-4A29-8F30-A5A90BDE763B} = {805197BD-B0CF-4BC1-AAA9-248673A01E3A}
		{174215FF-29FF-4762-B648-695D0E1E8DAF} = {805197BD-B0CF-4BC1-AAA9-248673A01E3A}
		{D504AD4C-5550-4CAC-AFD5-B84CF6442751} = {6296CD0C-9236-458A-A6C6-45AE3CFDF9E1}
		{62801E8B-9844-4A88-9DF0-4F41C940D36F} = {6296CD0C-9236-458A-A6C6-45AE3CFDF9E1}
		{492C0ED6-1D19-481E-89B4-5985DE0067A2} = {6296CD0C-9236-458A-A6C6-45AE3CFDF9E1}
		{58D7CB43-86C9-4FC5-BDB0-8284F88F85C4} = {6296CD0C-9236-458A-A6C6-45AE3CFDF9E1}
		{808871AF-9EB9-4083-9522-832063D262FB} = {C20318E2-DA6C-4484-B73B-324E38D1D3ED}
	EndGlobalSection
	GlobalSection(ExtensibilityGlobals) = postSolution
		SolutionGuid = {6DBBBAE9-A530-44DC-8891-D0E39D6873BD}
	EndGlobalSection
EndGlobal
